# THIS IS AN AUTOGENERATED FILE. DO NOT EDIT THIS FILE DIRECTLY.
# yarn lockfile v1


core-js@^3.6.5:
  version "3.6.5"
  resolved "https://registry.yarnpkg.com/core-js/-/core-js-3.6.5.tgz#7395dc273af37fb2e50e9bd3d9fe841285231d1a"
  integrity sha512-vZVEEwZoIsI+vPEuoF9Iqf5H7/M3eeQqWlQnYa8FSKKePuYTf5MWnxb5SDAzCa60b3JBRS5g9b+Dq7b1y/RCrA==

esm@^3.2.25:
  version "3.2.25"
  resolved "https://registry.yarnpkg.com/esm/-/esm-3.2.25.tgz#342c18c29d56157688ba5ce31f8431fbb795cc10"
  integrity sha512-U1suiZ2oDVWv4zPO56S0NcR5QriEahGtdN2OR6FiOG4WJvcjBVFB0qI4+eKoWFH483PKGuLuu6V8Z4T5g63UVA==

graceful-fs@^4.1.6:
  version "4.2.4"
  resolved "https://registry.yarnpkg.com/graceful-fs/-/graceful-fs-4.2.4.tgz#2256bde14d3632958c465ebc96dc467ca07a29fb"
  integrity sha512-WjKPNJF79dtJAVniUlGGWHYGz2jWxT6VhN/4m1NdkbZ2nOsEF+cI1Edgql5zCRhs/VsQYRvrXctxktVXZUkixw==

iconv-lite@^0.4.4:
  version "0.4.24"
  resolved "https://registry.yarnpkg.com/iconv-lite/-/iconv-lite-0.4.24.tgz#2022b4b25fbddc21d2f524974a474aafe733908b"
  integrity sha512-v3MXnZAcvnywkTUEZomIActle7RXXeedOR31wwl7VlyoXO4Qi9arvSenNQWne1TcRwhCL1HwLI21bEqdpj8/rA==
  dependencies:
    safer-buffer ">= 2.1.2 < 3"

iso-8859-15@^0.1.2:
  version "0.1.2"
  resolved "https://registry.yarnpkg.com/iso-8859-15/-/iso-8859-15-0.1.2.tgz#28d1a5cd2a7a39030597ddfb1cb899793842573b"
  integrity sha1-KNGlzSp6OQMFl937HLiZeThCVzs=

iso-8859-2@^0.1.2:
  version "0.1.2"
  resolved "https://registry.yarnpkg.com/iso-8859-2/-/iso-8859-2-0.1.2.tgz#550b4c0f292e7ebc8733a76ffd2e69908c7becfe"
  integrity sha1-VQtMDykufryHM6dv/S5pkIx77P4=

iso-8859-3@^0.1.2:
  version "0.1.2"
  resolved "https://registry.yarnpkg.com/iso-8859-3/-/iso-8859-3-0.1.2.tgz#3de4feb6bd5f66396523e6922c57d218a5c97764"
  integrity sha1-PeT+tr1fZjllI+aSLFfSGKXJd2Q=

iso-8859-4@^0.1.2:
  version "0.1.2"
  resolved "https://registry.yarnpkg.com/iso-8859-4/-/iso-8859-4-0.1.2.tgz#6ccdc4fd446ad9fd2e0cf3174e7bbd1f585ac3e6"
  integrity sha1-bM3E/URq2f0uDPMXTnu9H1haw+Y=

iso-8859-5@^0.1.2:
  version "0.1.2"
  resolved "https://registry.yarnpkg.com/iso-8859-5/-/iso-8859-5-0.1.2.tgz#a189088885e0b405d8801f6d6e42c3fe0c43bcab"
  integrity sha1-oYkIiIXgtAXYgB9tbkLD/gxDvKs=

iso-8859-6@^0.1.2:
  version "0.1.2"
  resolved "https://registry.yarnpkg.com/iso-8859-6/-/iso-8859-6-0.1.2.tgz#610c040e5c5f0972730aa2f82b28e5e7874d5661"
  integrity sha1-YQwEDlxfCXJzCqL4Kyjl54dNVmE=

iso-8859-7@^0.1.2:
  version "0.1.2"
  resolved "https://registry.yarnpkg.com/iso-8859-7/-/iso-8859-7-0.1.2.tgz#4e5afae27ef5e88e1d5e6ce2315b299260d7b999"
  integrity sha1-Tlr64n716I4dXmziMVspkmDXuZk=

iso-8859-8-i@^0.1.2:
  version "0.1.2"
  resolved "https://registry.yarnpkg.com/iso-8859-8-i/-/iso-8859-8-i-0.1.2.tgz#700957e7b7c42ba8b546bb876db8759d00f2195c"
  integrity sha1-cAlX57fEK6i1RruHbbh1nQDyGVw=

iso-8859-8@^0.1.2:
  version "0.1.2"
  resolved "https://registry.yarnpkg.com/iso-8859-8/-/iso-8859-8-0.1.2.tgz#354bd97c0a6de3f9f2ed0d31efb38d42bfa0bce5"
  integrity sha1-NUvZfApt4/ny7Q0x77ONQr+gvOU=

jconv@^0.1.5:
  version "0.1.5"
  resolved "https://registry.yarnpkg.com/jconv/-/jconv-0.1.5.tgz#c650edba4cc2ce6dd292bf3910b123433c4b47f5"
  integrity sha1-xlDtukzCzm3Skr85ELEjQzxLR/U=

jsonfile@^6.0.1:
  version "6.0.1"
  resolved "https://registry.yarnpkg.com/jsonfile/-/jsonfile-6.0.1.tgz#98966cba214378c8c84b82e085907b40bf614179"
  integrity sha512-jR2b5v7d2vIOust+w3wtFKZIfpC2pnRmFAhAC/BuweZFQR8qZzxH1OyrQ10HmdVYiXWkYUqPVsz91cG7EL2FBg==
  dependencies:
    universalify "^1.0.0"
  optionalDependencies:
    graceful-fs "^4.1.6"

koi8-r@^0.1.2:
  version "0.1.2"
  resolved "https://registry.yarnpkg.com/koi8-r/-/koi8-r-0.1.2.tgz#a5cd9ddc8555dcd600735b6890f2d3d86954e7e8"
  integrity sha1-pc2d3IVV3NYAc1tokPLT2GlU5+g=

legacy-encoding@^3.0.0:
  version "3.0.0"
  resolved "https://registry.yarnpkg.com/legacy-encoding/-/legacy-encoding-3.0.0.tgz#a13bd39fd9176572e14536d315dfca8ea380d8e1"
  integrity sha1-oTvTn9kXZXLhRTbTFd/KjqOA2OE=
  dependencies:
    iconv-lite "^0.4.4"
    iso-8859-15 "^0.1.2"
    iso-8859-2 "^0.1.2"
    iso-8859-3 "^0.1.2"
    iso-8859-4 "^0.1.2"
    iso-8859-5 "^0.1.2"
    iso-8859-6 "^0.1.2"
    iso-8859-7 "^0.1.2"
    iso-8859-8 "^0.1.2"
    iso-8859-8-i "^0.1.2"
    jconv "^0.1.5"
    koi8-r "^0.1.2"
    macintosh "^0.1.2"
    windows-1250 "^0.1.2"
    windows-1251 "^0.1.2"
    windows-1252 "^0.1.2"
    windows-1253 "^0.1.2"
    windows-1254 "^0.1.2"
    windows-1255 "^0.1.2"
    windows-1256 "^0.1.2"
    windows-1257 "^0.1.2"
    windows-1258 "^0.1.2"
    windows-874 "^0.1.2"
    x-mac-cyrillic "^0.1.2"

macintosh@^0.1.2:
  version "0.1.2"
  resolved "https://registry.yarnpkg.com/macintosh/-/macintosh-0.1.2.tgz#82ef4a5128f1aa51f623aa5545c24946076ac9bb"
  integrity sha1-gu9KUSjxqlH2I6pVRcJJRgdqybs=

read-file@^0.2.0:
  version "0.2.0"
  resolved "https://registry.yarnpkg.com/read-file/-/read-file-0.2.0.tgz#70c6baf8842ec7d1540f981fd0e6aed4c81bd545"
  integrity sha1-cMa6+IQux9FUD5gf0Oau1Mgb1UU=

"safer-buffer@>= 2.1.2 < 3":
  version "2.1.2"
  resolved "https://registry.yarnpkg.com/safer-buffer/-/safer-buffer-2.1.2.tgz#44fa161b0187b9549dd84bb91802f9bd8385cd6a"
  integrity sha512-YZo3K82SD7Riyi0E1EQPojLz7kpepnSQI9IyPbHHg1XXXevb5dJI7tpyN2ADxGcQbHG7vcyRHk0cbwqcQriUtg==

universalify@^1.0.0:
  version "1.0.0"
  resolved "https://registry.yarnpkg.com/universalify/-/universalify-1.0.0.tgz#b61a1da173e8435b2fe3c67d29b9adf8594bd16d"
  integrity sha512-rb6X1W158d7pRQBg5gkR8uPaSfiids68LTJQYOtEUhoJUWBdaQHsuT/EUduxXYxcrt4r5PJ4fuHW1MHT6p0qug==

windows-1250@^0.1.2:
  version "0.1.2"
  resolved "https://registry.yarnpkg.com/windows-1250/-/windows-1250-0.1.2.tgz#c37b9a073e405bcf42081d36baaf2fde773b99cc"
  integrity sha1-w3uaBz5AW89CCB02uq8v3nc7mcw=

windows-1251@^0.1.2:
  version "0.1.2"
  resolved "https://registry.yarnpkg.com/windows-1251/-/windows-1251-0.1.2.tgz#4881d8f9053d0eb7b5fa5d34f0f94d60de43c2d3"
  integrity sha1-SIHY+QU9Dre1+l008PlNYN5DwtM=

windows-1252@^0.1.2:
  version "0.1.2"
  resolved "https://registry.yarnpkg.com/windows-1252/-/windows-1252-0.1.2.tgz#662b7531e75edd945c2dbcba2bf799c170b8c816"
  integrity sha1-Zit1Mede3ZRcLby6K/eZwXC4yBY=

windows-1253@^0.1.2:
  version "0.1.2"
  resolved "https://registry.yarnpkg.com/windows-1253/-/windows-1253-0.1.2.tgz#cfa0225b7ddd66a8f4038dea6e938945730f9251"
  integrity sha1-z6AiW33dZqj0A43qbpOJRXMPklE=

windows-1254@^0.1.2:
  version "0.1.2"
  resolved "https://registry.yarnpkg.com/windows-1254/-/windows-1254-0.1.2.tgz#ad77907c5ee4ec51afa64a45caa245ec2d538b83"
  integrity sha1-rXeQfF7k7FGvpkpFyqJF7C1Ti4M=

windows-1255@^0.1.2:
  version "0.1.2"
  resolved "https://registry.yarnpkg.com/windows-1255/-/windows-1255-0.1.2.tgz#1d2082cab881755fa322bec42f3f626918cca521"
  integrity sha1-HSCCyriBdV+jIr7ELz9iaRjMpSE=

windows-1256@^0.1.2:
  version "0.1.2"
  resolved "https://registry.yarnpkg.com/windows-1256/-/windows-1256-0.1.2.tgz#9b09574698a412741f4b356c2450a8ff92a90c92"
  integrity sha1-mwlXRpikEnQfSzVsJFCo/5KpDJI=

windows-1257@^0.1.2:
  version "0.1.2"
  resolved "https://registry.yarnpkg.com/windows-1257/-/windows-1257-0.1.2.tgz#8b4c44eeb0e971bb7340fbf4f9e674e860cbb666"
  integrity sha1-i0xE7rDpcbtzQPv0+eZ06GDLtmY=

windows-1258@^0.1.2:
  version "0.1.2"
  resolved "https://registry.yarnpkg.com/windows-1258/-/windows-1258-0.1.2.tgz#30233deaabda11849424693338856b9552de560e"
  integrity sha1-MCM96qvaEYSUJGkzOIVrlVLeVg4=

windows-874@^0.1.2:
  version "0.1.2"
  resolved "https://registry.yarnpkg.com/windows-874/-/windows-874-0.1.2.tgz#77223b3ed69b75de9886dcfa2bbdd523a7dca277"
  integrity sha1-dyI7Ptabdd6Yhtz6K73VI6fconc=

x-mac-cyrillic@^0.1.2:
  version "0.1.2"
  resolved "https://registry.yarnpkg.com/x-mac-cyrillic/-/x-mac-cyrillic-0.1.2.tgz#76930fc375754929b10a498e345137f94b747b3c"
  integrity sha1-dpMPw3V1SSmxCkmONFE3+Ut0ezw=
